
Microsoft Visual Studio Solution File, Format Version 12.00
# Visual Studio Version 16
VisualStudioVersion = 16.0.30011.22
MinimumVisualStudioVersion = 10.0.40219.1
Project("{FAE04EC0-301F-11D3-BF4B-00C04F79EFBC}") = "QLNS", "QLNS\QLNS.csproj", "{37A68F3D-F9FF-48DD-B039-D1465E85ACF1}"
EndProject
Project("{FAE04EC0-301F-11D3-BF4B-00C04F79EFBC}") = "Models", "Models\Models.csproj", "{960F2A02-3C42-43D3-A0D2-CD04B2FFF88B}"
EndProject
Global
	GlobalSection(SolutionConfigurationPlatforms) = preSolution
		Debug|Any CPU = Debug|Any CPU
		Release|Any CPU = Release|Any CPU
	EndGlobalSection
	GlobalSection(ProjectConfigurationPlatforms) = postSolution
		{37A68F3D-F9FF-48DD-B039-D1465E85ACF1}.Debug|Any CPU.ActiveCfg = Debug|Any CPU
		{37A68F3D-F9FF-48DD-B039-D1465E85ACF1}.Debug|Any CPU.Build.0 = Debug|Any CPU
		{37A68F3D-F9FF-48DD-B039-D1465E85ACF1}.Release|Any CPU.ActiveCfg = Release|Any CPU
		{37A68F3D-F9FF-48DD-B039-D1465E85ACF1}.Release|Any CPU.Build.0 = Release|Any CPU
		{960F2A02-3C42-43D3-A0D2-CD04B2FFF88B}.Debug|Any CPU.ActiveCfg = Debug|Any CPU
		{960F2A02-3C42-43D3-A0D2-CD04B2FFF88B}.Debug|Any CPU.Build.0 = Debug|Any CPU
		{960F2A02-3C42-43D3-A0D2-CD04B2FFF88B}.Release|Any CPU.ActiveCfg = Release|Any CPU
		{960F2A02-3C42-43D3-A0D2-CD04B2FFF88B}.Release|Any CPU.Build.0 = Release|Any CPU
	EndGlobalSection
	GlobalSection(SolutionProperties) = preSolution
		HideSolutionNode = FALSE
	EndGlobalSection
	GlobalSection(ExtensibilityGlobals) = postSolution
		SolutionGuid = {896FACE5-F0D9-45C6-A434-27053C50B9C4}
	EndGlobalSection
EndGlobal
